// !$*UTF8*$!
{
	archiveVersion = 1;
	classes = {
	};
	objectVersion = 56;
	objects = {

/* Begin PBXBuildFile section */
		850286B22C16DC74004D3EA5 /* OnboardTabView.swift in Sources */ = {isa = PBXBuildFile; fileRef = 850286B12C16DC74004D3EA5 /* OnboardTabView.swift */; };
		850286B42C16DCAE004D3EA5 /* OnboardItem.swift in Sources */ = {isa = PBXBuildFile; fileRef = 850286B32C16DCAE004D3EA5 /* OnboardItem.swift */; };
		850286B62C16DD59004D3EA5 /* OnboardViewModel.swift in Sources */ = {isa = PBXBuildFile; fileRef = 850286B52C16DD59004D3EA5 /* OnboardViewModel.swift */; };
		850286B82C16F215004D3EA5 /* OnboardItemView.swift in Sources */ = {isa = PBXBuildFile; fileRef = 850286B72C16F215004D3EA5 /* OnboardItemView.swift */; };
		8509CF552BF210EE00C7ACB0 /* MyWorkingTimeApp.swift in Sources */ = {isa = PBXBuildFile; fileRef = 8509CF542BF210EE00C7ACB0 /* MyWorkingTimeApp.swift */; };
		8509CF592BF210F000C7ACB0 /* Assets.xcassets in Resources */ = {isa = PBXBuildFile; fileRef = 8509CF582BF210F000C7ACB0 /* Assets.xcassets */; };
		8509CF5C2BF210F000C7ACB0 /* Preview Assets.xcassets in Resources */ = {isa = PBXBuildFile; fileRef = 8509CF5B2BF210F000C7ACB0 /* Preview Assets.xcassets */; };
		8509CF642BF2110300C7ACB0 /* UserSettings.swift in Sources */ = {isa = PBXBuildFile; fileRef = 8509CF622BF2110300C7ACB0 /* UserSettings.swift */; };
		8509CF6E2BF2111100C7ACB0 /* CustomAlerts.swift in Sources */ = {isa = PBXBuildFile; fileRef = 8509CF652BF2111100C7ACB0 /* CustomAlerts.swift */; };
		8509CF6F2BF2111100C7ACB0 /* Binding.swift in Sources */ = {isa = PBXBuildFile; fileRef = 8509CF672BF2111100C7ACB0 /* Binding.swift */; };
		8509CF702BF2111100C7ACB0 /* DocumentDirectory.swift in Sources */ = {isa = PBXBuildFile; fileRef = 8509CF682BF2111100C7ACB0 /* DocumentDirectory.swift */; };
		8509CF712BF2111100C7ACB0 /* RoundedButtonLabel.swift in Sources */ = {isa = PBXBuildFile; fileRef = 8509CF692BF2111100C7ACB0 /* RoundedButtonLabel.swift */; };
		8509CF722BF2111100C7ACB0 /* UserDefaultsKey.swift in Sources */ = {isa = PBXBuildFile; fileRef = 8509CF6B2BF2111100C7ACB0 /* UserDefaultsKey.swift */; };
		8509CF892BF2111B00C7ACB0 /* DetailView.swift in Sources */ = {isa = PBXBuildFile; fileRef = 8509CF732BF2111B00C7ACB0 /* DetailView.swift */; };
		8509CF8A2BF2111B00C7ACB0 /* DetailViewViewModel.swift in Sources */ = {isa = PBXBuildFile; fileRef = 8509CF742BF2111B00C7ACB0 /* DetailViewViewModel.swift */; };
		8509CF8B2BF2111B00C7ACB0 /* EditSheet.swift in Sources */ = {isa = PBXBuildFile; fileRef = 8509CF752BF2111B00C7ACB0 /* EditSheet.swift */; };
		8509CF8C2BF2111B00C7ACB0 /* Buttons.swift in Sources */ = {isa = PBXBuildFile; fileRef = 8509CF772BF2111B00C7ACB0 /* Buttons.swift */; };
		8509CF8D2BF2111B00C7ACB0 /* TimerView.swift in Sources */ = {isa = PBXBuildFile; fileRef = 8509CF782BF2111B00C7ACB0 /* TimerView.swift */; };
		8509CF8E2BF2111B00C7ACB0 /* PauseTimerView.swift in Sources */ = {isa = PBXBuildFile; fileRef = 8509CF7A2BF2111B00C7ACB0 /* PauseTimerView.swift */; };
		8509CF8F2BF2111B00C7ACB0 /* PauseTimerViewModel.swift in Sources */ = {isa = PBXBuildFile; fileRef = 8509CF7B2BF2111B00C7ACB0 /* PauseTimerViewModel.swift */; };
		8509CF902BF2111B00C7ACB0 /* SettingsView.swift in Sources */ = {isa = PBXBuildFile; fileRef = 8509CF7D2BF2111B00C7ACB0 /* SettingsView.swift */; };
		8509CF912BF2111B00C7ACB0 /* SettingsViewModel.swift in Sources */ = {isa = PBXBuildFile; fileRef = 8509CF7E2BF2111B00C7ACB0 /* SettingsViewModel.swift */; };
		8509CF922BF2111B00C7ACB0 /* WorkingDaysTabView.swift in Sources */ = {isa = PBXBuildFile; fileRef = 8509CF802BF2111B00C7ACB0 /* WorkingDaysTabView.swift */; };
		8509CF932BF2111B00C7ACB0 /* DateIcon.swift in Sources */ = {isa = PBXBuildFile; fileRef = 8509CF822BF2111B00C7ACB0 /* DateIcon.swift */; };
		8509CF942BF2111B00C7ACB0 /* WorkingDaysListView.swift in Sources */ = {isa = PBXBuildFile; fileRef = 8509CF832BF2111B00C7ACB0 /* WorkingDaysListView.swift */; };
		8509CF952BF2111B00C7ACB0 /* WorkingDaysListView-ViewModel.swift in Sources */ = {isa = PBXBuildFile; fileRef = 8509CF852BF2111B00C7ACB0 /* WorkingDaysListView-ViewModel.swift */; };
		8509CF962BF2111B00C7ACB0 /* WorkingDaysView.swift in Sources */ = {isa = PBXBuildFile; fileRef = 8509CF862BF2111B00C7ACB0 /* WorkingDaysView.swift */; };
		8509CF992BF2118100C7ACB0 /* PersistenceController.swift in Sources */ = {isa = PBXBuildFile; fileRef = 8509CF982BF2118100C7ACB0 /* PersistenceController.swift */; };
		8509CF9C2BF2118C00C7ACB0 /* WorkingHours.xcdatamodeld in Sources */ = {isa = PBXBuildFile; fileRef = 8509CF9A2BF2118C00C7ACB0 /* WorkingHours.xcdatamodeld */; };
		8522E7662C1177CA00FFB75D /* NotificationManager.swift in Sources */ = {isa = PBXBuildFile; fileRef = 8522E7652C1177CA00FFB75D /* NotificationManager.swift */; };
		8522E7682C117C5600FFB75D /* PauseManager.swift in Sources */ = {isa = PBXBuildFile; fileRef = 8522E7672C117C5600FFB75D /* PauseManager.swift */; };
		8522E76A2C1183C800FFB75D /* ScenePhaseHandler.swift in Sources */ = {isa = PBXBuildFile; fileRef = 8522E7692C1183C800FFB75D /* ScenePhaseHandler.swift */; };
		8522E76C2C130E2000FFB75D /* TrimmedString.swift in Sources */ = {isa = PBXBuildFile; fileRef = 8522E76B2C130E2000FFB75D /* TrimmedString.swift */; };
		852C8F612C19972100B511F9 /* MainAppView.swift in Sources */ = {isa = PBXBuildFile; fileRef = 852C8F602C19972100B511F9 /* MainAppView.swift */; };
		852C8F632C1AD61C00B511F9 /* Localizable.xcstrings in Resources */ = {isa = PBXBuildFile; fileRef = 852C8F622C1AD61C00B511F9 /* Localizable.xcstrings */; };
		854520C82BF9F77D00437F5A /* CreateNewDayView.swift in Sources */ = {isa = PBXBuildFile; fileRef = 854520C72BF9F77D00437F5A /* CreateNewDayView.swift */; };
		854ACAD22BFDA22E007EA22A /* CheckInOutCardView.swift in Sources */ = {isa = PBXBuildFile; fileRef = 854ACAD12BFDA22E007EA22A /* CheckInOutCardView.swift */; };
		8553703C2C0CA03100BDCD12 /* WorkingDay+CoreDataClass.swift in Sources */ = {isa = PBXBuildFile; fileRef = 855370382C0CA03100BDCD12 /* WorkingDay+CoreDataClass.swift */; };
		8553703E2C0CA03100BDCD12 /* Pause+CoreDataClass.swift in Sources */ = {isa = PBXBuildFile; fileRef = 8553703A2C0CA03100BDCD12 /* Pause+CoreDataClass.swift */; };
		855370502C0DA90A00BDCD12 /* Pause+CoreDataProperties.swift in Sources */ = {isa = PBXBuildFile; fileRef = 8553704E2C0DA90A00BDCD12 /* Pause+CoreDataProperties.swift */; };
		855370512C0DA90A00BDCD12 /* WorkingDay+CoreDataProperties.swift in Sources */ = {isa = PBXBuildFile; fileRef = 8553704F2C0DA90A00BDCD12 /* WorkingDay+CoreDataProperties.swift */; };
		85784E942C16582B00609089 /* LaunchScreen.storyboard in Resources */ = {isa = PBXBuildFile; fileRef = 85784E932C16582B00609089 /* LaunchScreen.storyboard */; };
		859067092C1EE363007C4184 /* OnboardSettingsView.swift in Sources */ = {isa = PBXBuildFile; fileRef = 859067082C1EE363007C4184 /* OnboardSettingsView.swift */; };
/* End PBXBuildFile section */

/* Begin PBXFileReference section */
		850286B12C16DC74004D3EA5 /* OnboardTabView.swift */ = {isa = PBXFileReference; lastKnownFileType = sourcecode.swift; path = OnboardTabView.swift; sourceTree = "<group>"; };
		850286B32C16DCAE004D3EA5 /* OnboardItem.swift */ = {isa = PBXFileReference; lastKnownFileType = sourcecode.swift; path = OnboardItem.swift; sourceTree = "<group>"; };
		850286B52C16DD59004D3EA5 /* OnboardViewModel.swift */ = {isa = PBXFileReference; lastKnownFileType = sourcecode.swift; path = OnboardViewModel.swift; sourceTree = "<group>"; };
		850286B72C16F215004D3EA5 /* OnboardItemView.swift */ = {isa = PBXFileReference; lastKnownFileType = sourcecode.swift; path = OnboardItemView.swift; sourceTree = "<group>"; };
		8509CF512BF210EE00C7ACB0 /* MyWorkingTime.app */ = {isa = PBXFileReference; explicitFileType = wrapper.application; includeInIndex = 0; path = MyWorkingTime.app; sourceTree = BUILT_PRODUCTS_DIR; };
		8509CF542BF210EE00C7ACB0 /* MyWorkingTimeApp.swift */ = {isa = PBXFileReference; lastKnownFileType = sourcecode.swift; path = MyWorkingTimeApp.swift; sourceTree = "<group>"; };
		8509CF582BF210F000C7ACB0 /* Assets.xcassets */ = {isa = PBXFileReference; lastKnownFileType = folder.assetcatalog; path = Assets.xcassets; sourceTree = "<group>"; };
		8509CF5B2BF210F000C7ACB0 /* Preview Assets.xcassets */ = {isa = PBXFileReference; lastKnownFileType = folder.assetcatalog; path = "Preview Assets.xcassets"; sourceTree = "<group>"; };
		8509CF622BF2110300C7ACB0 /* UserSettings.swift */ = {isa = PBXFileReference; fileEncoding = 4; lastKnownFileType = sourcecode.swift; path = UserSettings.swift; sourceTree = "<group>"; };
		8509CF652BF2111100C7ACB0 /* CustomAlerts.swift */ = {isa = PBXFileReference; fileEncoding = 4; lastKnownFileType = sourcecode.swift; path = CustomAlerts.swift; sourceTree = "<group>"; };
		8509CF672BF2111100C7ACB0 /* Binding.swift */ = {isa = PBXFileReference; fileEncoding = 4; lastKnownFileType = sourcecode.swift; path = Binding.swift; sourceTree = "<group>"; };
		8509CF682BF2111100C7ACB0 /* DocumentDirectory.swift */ = {isa = PBXFileReference; fileEncoding = 4; lastKnownFileType = sourcecode.swift; path = DocumentDirectory.swift; sourceTree = "<group>"; };
		8509CF692BF2111100C7ACB0 /* RoundedButtonLabel.swift */ = {isa = PBXFileReference; fileEncoding = 4; lastKnownFileType = sourcecode.swift; path = RoundedButtonLabel.swift; sourceTree = "<group>"; };
		8509CF6B2BF2111100C7ACB0 /* UserDefaultsKey.swift */ = {isa = PBXFileReference; fileEncoding = 4; lastKnownFileType = sourcecode.swift; path = UserDefaultsKey.swift; sourceTree = "<group>"; };
		8509CF732BF2111B00C7ACB0 /* DetailView.swift */ = {isa = PBXFileReference; fileEncoding = 4; lastKnownFileType = sourcecode.swift; path = DetailView.swift; sourceTree = "<group>"; };
		8509CF742BF2111B00C7ACB0 /* DetailViewViewModel.swift */ = {isa = PBXFileReference; fileEncoding = 4; lastKnownFileType = sourcecode.swift; path = DetailViewViewModel.swift; sourceTree = "<group>"; };
		8509CF752BF2111B00C7ACB0 /* EditSheet.swift */ = {isa = PBXFileReference; fileEncoding = 4; lastKnownFileType = sourcecode.swift; path = EditSheet.swift; sourceTree = "<group>"; };
		8509CF772BF2111B00C7ACB0 /* Buttons.swift */ = {isa = PBXFileReference; fileEncoding = 4; lastKnownFileType = sourcecode.swift; path = Buttons.swift; sourceTree = "<group>"; };
		8509CF782BF2111B00C7ACB0 /* TimerView.swift */ = {isa = PBXFileReference; fileEncoding = 4; lastKnownFileType = sourcecode.swift; path = TimerView.swift; sourceTree = "<group>"; };
		8509CF7A2BF2111B00C7ACB0 /* PauseTimerView.swift */ = {isa = PBXFileReference; fileEncoding = 4; lastKnownFileType = sourcecode.swift; path = PauseTimerView.swift; sourceTree = "<group>"; };
		8509CF7B2BF2111B00C7ACB0 /* PauseTimerViewModel.swift */ = {isa = PBXFileReference; fileEncoding = 4; lastKnownFileType = sourcecode.swift; path = PauseTimerViewModel.swift; sourceTree = "<group>"; };
		8509CF7D2BF2111B00C7ACB0 /* SettingsView.swift */ = {isa = PBXFileReference; fileEncoding = 4; lastKnownFileType = sourcecode.swift; path = SettingsView.swift; sourceTree = "<group>"; };
		8509CF7E2BF2111B00C7ACB0 /* SettingsViewModel.swift */ = {isa = PBXFileReference; fileEncoding = 4; lastKnownFileType = sourcecode.swift; path = SettingsViewModel.swift; sourceTree = "<group>"; };
		8509CF802BF2111B00C7ACB0 /* WorkingDaysTabView.swift */ = {isa = PBXFileReference; fileEncoding = 4; lastKnownFileType = sourcecode.swift; path = WorkingDaysTabView.swift; sourceTree = "<group>"; };
		8509CF822BF2111B00C7ACB0 /* DateIcon.swift */ = {isa = PBXFileReference; fileEncoding = 4; lastKnownFileType = sourcecode.swift; path = DateIcon.swift; sourceTree = "<group>"; };
		8509CF832BF2111B00C7ACB0 /* WorkingDaysListView.swift */ = {isa = PBXFileReference; fileEncoding = 4; lastKnownFileType = sourcecode.swift; path = WorkingDaysListView.swift; sourceTree = "<group>"; };
		8509CF852BF2111B00C7ACB0 /* WorkingDaysListView-ViewModel.swift */ = {isa = PBXFileReference; fileEncoding = 4; lastKnownFileType = sourcecode.swift; path = "WorkingDaysListView-ViewModel.swift"; sourceTree = "<group>"; };
		8509CF862BF2111B00C7ACB0 /* WorkingDaysView.swift */ = {isa = PBXFileReference; fileEncoding = 4; lastKnownFileType = sourcecode.swift; path = WorkingDaysView.swift; sourceTree = "<group>"; };
		8509CF982BF2118100C7ACB0 /* PersistenceController.swift */ = {isa = PBXFileReference; fileEncoding = 4; lastKnownFileType = sourcecode.swift; path = PersistenceController.swift; sourceTree = "<group>"; };
		8509CF9B2BF2118C00C7ACB0 /* WorkingDay.xcdatamodel */ = {isa = PBXFileReference; lastKnownFileType = wrapper.xcdatamodel; path = WorkingDay.xcdatamodel; sourceTree = "<group>"; };
		8522E7652C1177CA00FFB75D /* NotificationManager.swift */ = {isa = PBXFileReference; lastKnownFileType = sourcecode.swift; path = NotificationManager.swift; sourceTree = "<group>"; };
		8522E7672C117C5600FFB75D /* PauseManager.swift */ = {isa = PBXFileReference; lastKnownFileType = sourcecode.swift; path = PauseManager.swift; sourceTree = "<group>"; };
		8522E7692C1183C800FFB75D /* ScenePhaseHandler.swift */ = {isa = PBXFileReference; lastKnownFileType = sourcecode.swift; path = ScenePhaseHandler.swift; sourceTree = "<group>"; };
		8522E76B2C130E2000FFB75D /* TrimmedString.swift */ = {isa = PBXFileReference; lastKnownFileType = sourcecode.swift; path = TrimmedString.swift; sourceTree = "<group>"; };
		852C8F602C19972100B511F9 /* MainAppView.swift */ = {isa = PBXFileReference; lastKnownFileType = sourcecode.swift; path = MainAppView.swift; sourceTree = "<group>"; };
		852C8F622C1AD61C00B511F9 /* Localizable.xcstrings */ = {isa = PBXFileReference; lastKnownFileType = text.json.xcstrings; path = Localizable.xcstrings; sourceTree = "<group>"; };
		854454282BFE894900E90750 /* WorkingDay v2.xcdatamodel */ = {isa = PBXFileReference; lastKnownFileType = wrapper.xcdatamodel; path = "WorkingDay v2.xcdatamodel"; sourceTree = "<group>"; };
		854520C72BF9F77D00437F5A /* CreateNewDayView.swift */ = {isa = PBXFileReference; lastKnownFileType = sourcecode.swift; path = CreateNewDayView.swift; sourceTree = "<group>"; };
		854ACAD12BFDA22E007EA22A /* CheckInOutCardView.swift */ = {isa = PBXFileReference; lastKnownFileType = sourcecode.swift; path = CheckInOutCardView.swift; sourceTree = "<group>"; };
		8553702F2C0C9E5500BDCD12 /* WorkingDay v4.xcdatamodel */ = {isa = PBXFileReference; lastKnownFileType = wrapper.xcdatamodel; path = "WorkingDay v4.xcdatamodel"; sourceTree = "<group>"; };
		855370382C0CA03100BDCD12 /* WorkingDay+CoreDataClass.swift */ = {isa = PBXFileReference; lastKnownFileType = sourcecode.swift; name = "WorkingDay+CoreDataClass.swift"; path = "../WorkingDay+CoreDataClass.swift"; sourceTree = "<group>"; };
		8553703A2C0CA03100BDCD12 /* Pause+CoreDataClass.swift */ = {isa = PBXFileReference; lastKnownFileType = sourcecode.swift; name = "Pause+CoreDataClass.swift"; path = "../Pause+CoreDataClass.swift"; sourceTree = "<group>"; };
		855370402C0CB18700BDCD12 /* WorkingDay v5.xcdatamodel */ = {isa = PBXFileReference; lastKnownFileType = wrapper.xcdatamodel; path = "WorkingDay v5.xcdatamodel"; sourceTree = "<group>"; };
		855370452C0DA78E00BDCD12 /* WorkingDay v6.xcdatamodel */ = {isa = PBXFileReference; lastKnownFileType = wrapper.xcdatamodel; path = "WorkingDay v6.xcdatamodel"; sourceTree = "<group>"; };
		8553704E2C0DA90A00BDCD12 /* Pause+CoreDataProperties.swift */ = {isa = PBXFileReference; lastKnownFileType = sourcecode.swift; path = "Pause+CoreDataProperties.swift"; sourceTree = "<group>"; };
		8553704F2C0DA90A00BDCD12 /* WorkingDay+CoreDataProperties.swift */ = {isa = PBXFileReference; lastKnownFileType = sourcecode.swift; path = "WorkingDay+CoreDataProperties.swift"; sourceTree = "<group>"; };
		856960742C031F6C00686655 /* WorkingDay v3.xcdatamodel */ = {isa = PBXFileReference; lastKnownFileType = wrapper.xcdatamodel; path = "WorkingDay v3.xcdatamodel"; sourceTree = "<group>"; };
		85784E932C16582B00609089 /* LaunchScreen.storyboard */ = {isa = PBXFileReference; lastKnownFileType = file.storyboard; path = LaunchScreen.storyboard; sourceTree = "<group>"; };
		859067082C1EE363007C4184 /* OnboardSettingsView.swift */ = {isa = PBXFileReference; lastKnownFileType = sourcecode.swift; path = OnboardSettingsView.swift; sourceTree = "<group>"; };
		85E62E562C25E32F00BB7543 /* MyWorkingTime.entitlements */ = {isa = PBXFileReference; lastKnownFileType = text.plist.entitlements; path = MyWorkingTime.entitlements; sourceTree = "<group>"; };
/* End PBXFileReference section */

/* Begin PBXFrameworksBuildPhase section */
		8509CF4E2BF210EE00C7ACB0 /* Frameworks */ = {
			isa = PBXFrameworksBuildPhase;
			buildActionMask = 2147483647;
			files = (
			);
			runOnlyForDeploymentPostprocessing = 0;
		};
/* End PBXFrameworksBuildPhase section */

/* Begin PBXGroup section */
		850286B02C16DC16004D3EA5 /* OnboardView */ = {
			isa = PBXGroup;
			children = (
				850286B12C16DC74004D3EA5 /* OnboardTabView.swift */,
				850286B52C16DD59004D3EA5 /* OnboardViewModel.swift */,
				850286B72C16F215004D3EA5 /* OnboardItemView.swift */,
				859067082C1EE363007C4184 /* OnboardSettingsView.swift */,
			);
			path = OnboardView;
			sourceTree = "<group>";
		};
		8509CF482BF210EE00C7ACB0 = {
			isa = PBXGroup;
			children = (
				8509CF532BF210EE00C7ACB0 /* MyWorkingTime */,
				8509CF522BF210EE00C7ACB0 /* Products */,
			);
			sourceTree = "<group>";
		};
		8509CF522BF210EE00C7ACB0 /* Products */ = {
			isa = PBXGroup;
			children = (
				8509CF512BF210EE00C7ACB0 /* MyWorkingTime.app */,
			);
			name = Products;
			sourceTree = "<group>";
		};
		8509CF532BF210EE00C7ACB0 /* MyWorkingTime */ = {
			isa = PBXGroup;
			children = (
				85E62E562C25E32F00BB7543 /* MyWorkingTime.entitlements */,
				8509CF542BF210EE00C7ACB0 /* MyWorkingTimeApp.swift */,
				8509CF972BF2116000C7ACB0 /* CoreData */,
				8509CF6D2BF2111100C7ACB0 /* Utilities */,
				8509CF632BF2110300C7ACB0 /* Model */,
				8509CF882BF2111B00C7ACB0 /* View-ViewModels */,
				8509CF582BF210F000C7ACB0 /* Assets.xcassets */,
				852C8F622C1AD61C00B511F9 /* Localizable.xcstrings */,
				85784E932C16582B00609089 /* LaunchScreen.storyboard */,
				8509CF5A2BF210F000C7ACB0 /* Preview Content */,
			);
			path = MyWorkingTime;
			sourceTree = "<group>";
		};
		8509CF5A2BF210F000C7ACB0 /* Preview Content */ = {
			isa = PBXGroup;
			children = (
				8509CF5B2BF210F000C7ACB0 /* Preview Assets.xcassets */,
			);
			path = "Preview Content";
			sourceTree = "<group>";
		};
		8509CF632BF2110300C7ACB0 /* Model */ = {
			isa = PBXGroup;
			children = (
				8509CF622BF2110300C7ACB0 /* UserSettings.swift */,
				850286B32C16DCAE004D3EA5 /* OnboardItem.swift */,
			);
			path = Model;
			sourceTree = "<group>";
		};
		8509CF662BF2111100C7ACB0 /* Alerts */ = {
			isa = PBXGroup;
			children = (
				8509CF652BF2111100C7ACB0 /* CustomAlerts.swift */,
			);
			path = Alerts;
			sourceTree = "<group>";
		};
		8509CF6A2BF2111100C7ACB0 /* Extensions */ = {
			isa = PBXGroup;
			children = (
				8509CF672BF2111100C7ACB0 /* Binding.swift */,
				8509CF682BF2111100C7ACB0 /* DocumentDirectory.swift */,
				8509CF692BF2111100C7ACB0 /* RoundedButtonLabel.swift */,
				8522E76B2C130E2000FFB75D /* TrimmedString.swift */,
			);
			path = Extensions;
			sourceTree = "<group>";
		};
		8509CF6C2BF2111100C7ACB0 /* UserDefaults */ = {
			isa = PBXGroup;
			children = (
				8509CF6B2BF2111100C7ACB0 /* UserDefaultsKey.swift */,
			);
			path = UserDefaults;
			sourceTree = "<group>";
		};
		8509CF6D2BF2111100C7ACB0 /* Utilities */ = {
			isa = PBXGroup;
			children = (
				8522E76D2C1594F500FFB75D /* Helpers */,
				8522E7642C1177A700FFB75D /* Managers */,
				8509CF662BF2111100C7ACB0 /* Alerts */,
				8509CF6A2BF2111100C7ACB0 /* Extensions */,
				8509CF6C2BF2111100C7ACB0 /* UserDefaults */,
			);
			path = Utilities;
			sourceTree = "<group>";
		};
		8509CF762BF2111B00C7ACB0 /* DetailView */ = {
			isa = PBXGroup;
			children = (
				8509CF732BF2111B00C7ACB0 /* DetailView.swift */,
				8509CF742BF2111B00C7ACB0 /* DetailViewViewModel.swift */,
				8509CF752BF2111B00C7ACB0 /* EditSheet.swift */,
			);
			path = DetailView;
			sourceTree = "<group>";
		};
		8509CF792BF2111B00C7ACB0 /* PauseTimer-Components */ = {
			isa = PBXGroup;
			children = (
				8509CF772BF2111B00C7ACB0 /* Buttons.swift */,
				8509CF782BF2111B00C7ACB0 /* TimerView.swift */,
			);
			path = "PauseTimer-Components";
			sourceTree = "<group>";
		};
		8509CF7C2BF2111B00C7ACB0 /* PauseTimer */ = {
			isa = PBXGroup;
			children = (
				8509CF792BF2111B00C7ACB0 /* PauseTimer-Components */,
				8509CF7A2BF2111B00C7ACB0 /* PauseTimerView.swift */,
				8509CF7B2BF2111B00C7ACB0 /* PauseTimerViewModel.swift */,
			);
			path = PauseTimer;
			sourceTree = "<group>";
		};
		8509CF7F2BF2111B00C7ACB0 /* Settings */ = {
			isa = PBXGroup;
			children = (
				8509CF7D2BF2111B00C7ACB0 /* SettingsView.swift */,
				8509CF7E2BF2111B00C7ACB0 /* SettingsViewModel.swift */,
			);
			path = Settings;
			sourceTree = "<group>";
		};
		8509CF812BF2111B00C7ACB0 /* TabView */ = {
			isa = PBXGroup;
			children = (
				8509CF802BF2111B00C7ACB0 /* WorkingDaysTabView.swift */,
			);
			path = TabView;
			sourceTree = "<group>";
		};
		8509CF842BF2111B00C7ACB0 /* Components */ = {
			isa = PBXGroup;
			children = (
				854520C72BF9F77D00437F5A /* CreateNewDayView.swift */,
				8509CF822BF2111B00C7ACB0 /* DateIcon.swift */,
				8509CF832BF2111B00C7ACB0 /* WorkingDaysListView.swift */,
				854ACAD12BFDA22E007EA22A /* CheckInOutCardView.swift */,
			);
			path = Components;
			sourceTree = "<group>";
		};
		8509CF872BF2111B00C7ACB0 /* WorkingDaysList */ = {
			isa = PBXGroup;
			children = (
				8509CF842BF2111B00C7ACB0 /* Components */,
				8509CF852BF2111B00C7ACB0 /* WorkingDaysListView-ViewModel.swift */,
				8509CF862BF2111B00C7ACB0 /* WorkingDaysView.swift */,
			);
			path = WorkingDaysList;
			sourceTree = "<group>";
		};
		8509CF882BF2111B00C7ACB0 /* View-ViewModels */ = {
			isa = PBXGroup;
			children = (
				852C8F5F2C19970400B511F9 /* App */,
				850286B02C16DC16004D3EA5 /* OnboardView */,
				8509CF762BF2111B00C7ACB0 /* DetailView */,
				8509CF7C2BF2111B00C7ACB0 /* PauseTimer */,
				8509CF7F2BF2111B00C7ACB0 /* Settings */,
				8509CF812BF2111B00C7ACB0 /* TabView */,
				8509CF872BF2111B00C7ACB0 /* WorkingDaysList */,
			);
			path = "View-ViewModels";
			sourceTree = "<group>";
		};
		8509CF972BF2116000C7ACB0 /* CoreData */ = {
			isa = PBXGroup;
			children = (
				8553704F2C0DA90A00BDCD12 /* WorkingDay+CoreDataProperties.swift */,
				855370382C0CA03100BDCD12 /* WorkingDay+CoreDataClass.swift */,
				8553704E2C0DA90A00BDCD12 /* Pause+CoreDataProperties.swift */,
				8553703A2C0CA03100BDCD12 /* Pause+CoreDataClass.swift */,
				8509CF982BF2118100C7ACB0 /* PersistenceController.swift */,
				8509CF9A2BF2118C00C7ACB0 /* WorkingHours.xcdatamodeld */,
			);
			path = CoreData;
			sourceTree = "<group>";
		};
		8522E7642C1177A700FFB75D /* Managers */ = {
			isa = PBXGroup;
			children = (
				8522E7652C1177CA00FFB75D /* NotificationManager.swift */,
				8522E7672C117C5600FFB75D /* PauseManager.swift */,
			);
			path = Managers;
			sourceTree = "<group>";
		};
		8522E76D2C1594F500FFB75D /* Helpers */ = {
			isa = PBXGroup;
			children = (
				8522E7692C1183C800FFB75D /* ScenePhaseHandler.swift */,
			);
			path = Helpers;
			sourceTree = "<group>";
		};
		852C8F5F2C19970400B511F9 /* App */ = {
			isa = PBXGroup;
			children = (
				852C8F602C19972100B511F9 /* MainAppView.swift */,
			);
			path = App;
			sourceTree = "<group>";
		};
/* End PBXGroup section */

/* Begin PBXNativeTarget section */
		8509CF502BF210EE00C7ACB0 /* MyWorkingTime */ = {
			isa = PBXNativeTarget;
			buildConfigurationList = 8509CF5F2BF210F000C7ACB0 /* Build configuration list for PBXNativeTarget "MyWorkingTime" */;
			buildPhases = (
				8509CF4D2BF210EE00C7ACB0 /* Sources */,
				8509CF4E2BF210EE00C7ACB0 /* Frameworks */,
				8509CF4F2BF210EE00C7ACB0 /* Resources */,
			);
			buildRules = (
			);
			dependencies = (
			);
			name = MyWorkingTime;
			productName = MyWorkingTime;
			productReference = 8509CF512BF210EE00C7ACB0 /* MyWorkingTime.app */;
			productType = "com.apple.product-type.application";
		};
/* End PBXNativeTarget section */

/* Begin PBXProject section */
		8509CF492BF210EE00C7ACB0 /* Project object */ = {
			isa = PBXProject;
			attributes = {
				BuildIndependentTargetsInParallel = 1;
				LastSwiftUpdateCheck = 1530;
				LastUpgradeCheck = 1530;
				TargetAttributes = {
					8509CF502BF210EE00C7ACB0 = {
						CreatedOnToolsVersion = 15.3;
					};
				};
			};
			buildConfigurationList = 8509CF4C2BF210EE00C7ACB0 /* Build configuration list for PBXProject "MyWorkTime" */;
			compatibilityVersion = "Xcode 14.0";
			developmentRegion = en;
			hasScannedForEncodings = 0;
			knownRegions = (
				en,
				Base,
				de,
			);
			mainGroup = 8509CF482BF210EE00C7ACB0;
			productRefGroup = 8509CF522BF210EE00C7ACB0 /* Products */;
			projectDirPath = "";
			projectRoot = "";
			targets = (
				8509CF502BF210EE00C7ACB0 /* MyWorkingTime */,
			);
		};
/* End PBXProject section */

/* Begin PBXResourcesBuildPhase section */
		8509CF4F2BF210EE00C7ACB0 /* Resources */ = {
			isa = PBXResourcesBuildPhase;
			buildActionMask = 2147483647;
			files = (
				85784E942C16582B00609089 /* LaunchScreen.storyboard in Resources */,
				8509CF5C2BF210F000C7ACB0 /* Preview Assets.xcassets in Resources */,
				852C8F632C1AD61C00B511F9 /* Localizable.xcstrings in Resources */,
				8509CF592BF210F000C7ACB0 /* Assets.xcassets in Resources */,
			);
			runOnlyForDeploymentPostprocessing = 0;
		};
/* End PBXResourcesBuildPhase section */

/* Begin PBXSourcesBuildPhase section */
		8509CF4D2BF210EE00C7ACB0 /* Sources */ = {
			isa = PBXSourcesBuildPhase;
			buildActionMask = 2147483647;
			files = (
				8509CF902BF2111B00C7ACB0 /* SettingsView.swift in Sources */,
				8522E76C2C130E2000FFB75D /* TrimmedString.swift in Sources */,
				852C8F612C19972100B511F9 /* MainAppView.swift in Sources */,
				854520C82BF9F77D00437F5A /* CreateNewDayView.swift in Sources */,
				8509CF722BF2111100C7ACB0 /* UserDefaultsKey.swift in Sources */,
				854ACAD22BFDA22E007EA22A /* CheckInOutCardView.swift in Sources */,
				859067092C1EE363007C4184 /* OnboardSettingsView.swift in Sources */,
				8509CF962BF2111B00C7ACB0 /* WorkingDaysView.swift in Sources */,
				8509CF892BF2111B00C7ACB0 /* DetailView.swift in Sources */,
				8509CF712BF2111100C7ACB0 /* RoundedButtonLabel.swift in Sources */,
				8509CF8C2BF2111B00C7ACB0 /* Buttons.swift in Sources */,
				8509CF8E2BF2111B00C7ACB0 /* PauseTimerView.swift in Sources */,
				850286B62C16DD59004D3EA5 /* OnboardViewModel.swift in Sources */,
				8509CF942BF2111B00C7ACB0 /* WorkingDaysListView.swift in Sources */,
				8522E7682C117C5600FFB75D /* PauseManager.swift in Sources */,
				8509CF642BF2110300C7ACB0 /* UserSettings.swift in Sources */,
				850286B42C16DCAE004D3EA5 /* OnboardItem.swift in Sources */,
				8509CF702BF2111100C7ACB0 /* DocumentDirectory.swift in Sources */,
				850286B22C16DC74004D3EA5 /* OnboardTabView.swift in Sources */,
				8522E7662C1177CA00FFB75D /* NotificationManager.swift in Sources */,
				8509CF8D2BF2111B00C7ACB0 /* TimerView.swift in Sources */,
				8522E76A2C1183C800FFB75D /* ScenePhaseHandler.swift in Sources */,
				8509CF552BF210EE00C7ACB0 /* MyWorkingTimeApp.swift in Sources */,
				8509CF932BF2111B00C7ACB0 /* DateIcon.swift in Sources */,
				8509CF9C2BF2118C00C7ACB0 /* WorkingHours.xcdatamodeld in Sources */,
				8509CF6E2BF2111100C7ACB0 /* CustomAlerts.swift in Sources */,
				8509CF8B2BF2111B00C7ACB0 /* EditSheet.swift in Sources */,
				8509CF992BF2118100C7ACB0 /* PersistenceController.swift in Sources */,
				8509CF922BF2111B00C7ACB0 /* WorkingDaysTabView.swift in Sources */,
				8553703C2C0CA03100BDCD12 /* WorkingDay+CoreDataClass.swift in Sources */,
				8553703E2C0CA03100BDCD12 /* Pause+CoreDataClass.swift in Sources */,
				8509CF8A2BF2111B00C7ACB0 /* DetailViewViewModel.swift in Sources */,
				8509CF952BF2111B00C7ACB0 /* WorkingDaysListView-ViewModel.swift in Sources */,
				850286B82C16F215004D3EA5 /* OnboardItemView.swift in Sources */,
				8509CF6F2BF2111100C7ACB0 /* Binding.swift in Sources */,
				8509CF8F2BF2111B00C7ACB0 /* PauseTimerViewModel.swift in Sources */,
				855370502C0DA90A00BDCD12 /* Pause+CoreDataProperties.swift in Sources */,
				855370512C0DA90A00BDCD12 /* WorkingDay+CoreDataProperties.swift in Sources */,
				8509CF912BF2111B00C7ACB0 /* SettingsViewModel.swift in Sources */,
			);
			runOnlyForDeploymentPostprocessing = 0;
		};
/* End PBXSourcesBuildPhase section */

/* Begin XCBuildConfiguration section */
		8509CF5D2BF210F000C7ACB0 /* Debug */ = {
			isa = XCBuildConfiguration;
			buildSettings = {
				ALWAYS_SEARCH_USER_PATHS = NO;
				ASSETCATALOG_COMPILER_GENERATE_SWIFT_ASSET_SYMBOL_EXTENSIONS = YES;
				CLANG_ANALYZER_NONNULL = YES;
				CLANG_ANALYZER_NUMBER_OBJECT_CONVERSION = YES_AGGRESSIVE;
				CLANG_CXX_LANGUAGE_STANDARD = "gnu++20";
				CLANG_ENABLE_MODULES = YES;
				CLANG_ENABLE_OBJC_ARC = YES;
				CLANG_ENABLE_OBJC_WEAK = YES;
				CLANG_WARN_BLOCK_CAPTURE_AUTORELEASING = YES;
				CLANG_WARN_BOOL_CONVERSION = YES;
				CLANG_WARN_COMMA = YES;
				CLANG_WARN_CONSTANT_CONVERSION = YES;
				CLANG_WARN_DEPRECATED_OBJC_IMPLEMENTATIONS = YES;
				CLANG_WARN_DIRECT_OBJC_ISA_USAGE = YES_ERROR;
				CLANG_WARN_DOCUMENTATION_COMMENTS = YES;
				CLANG_WARN_EMPTY_BODY = YES;
				CLANG_WARN_ENUM_CONVERSION = YES;
				CLANG_WARN_INFINITE_RECURSION = YES;
				CLANG_WARN_INT_CONVERSION = YES;
				CLANG_WARN_NON_LITERAL_NULL_CONVERSION = YES;
				CLANG_WARN_OBJC_IMPLICIT_RETAIN_SELF = YES;
				CLANG_WARN_OBJC_LITERAL_CONVERSION = YES;
				CLANG_WARN_OBJC_ROOT_CLASS = YES_ERROR;
				CLANG_WARN_QUOTED_INCLUDE_IN_FRAMEWORK_HEADER = YES;
				CLANG_WARN_RANGE_LOOP_ANALYSIS = YES;
				CLANG_WARN_STRICT_PROTOTYPES = YES;
				CLANG_WARN_SUSPICIOUS_MOVE = YES;
				CLANG_WARN_UNGUARDED_AVAILABILITY = YES_AGGRESSIVE;
				CLANG_WARN_UNREACHABLE_CODE = YES;
				CLANG_WARN__DUPLICATE_METHOD_MATCH = YES;
				COPY_PHASE_STRIP = NO;
				DEBUG_INFORMATION_FORMAT = dwarf;
				ENABLE_STRICT_OBJC_MSGSEND = YES;
				ENABLE_TESTABILITY = YES;
				ENABLE_USER_SCRIPT_SANDBOXING = YES;
				GCC_C_LANGUAGE_STANDARD = gnu17;
				GCC_DYNAMIC_NO_PIC = NO;
				GCC_NO_COMMON_BLOCKS = YES;
				GCC_OPTIMIZATION_LEVEL = 0;
				GCC_PREPROCESSOR_DEFINITIONS = (
					"DEBUG=1",
					"$(inherited)",
				);
				GCC_WARN_64_TO_32_BIT_CONVERSION = YES;
				GCC_WARN_ABOUT_RETURN_TYPE = YES_ERROR;
				GCC_WARN_UNDECLARED_SELECTOR = YES;
				GCC_WARN_UNINITIALIZED_AUTOS = YES_AGGRESSIVE;
				GCC_WARN_UNUSED_FUNCTION = YES;
				GCC_WARN_UNUSED_VARIABLE = YES;
				IPHONEOS_DEPLOYMENT_TARGET = 17.0;
				LOCALIZATION_PREFERS_STRING_CATALOGS = YES;
				MTL_ENABLE_DEBUG_INFO = INCLUDE_SOURCE;
				MTL_FAST_MATH = YES;
				ONLY_ACTIVE_ARCH = YES;
				SDKROOT = iphoneos;
				SWIFT_ACTIVE_COMPILATION_CONDITIONS = "DEBUG $(inherited)";
				SWIFT_OPTIMIZATION_LEVEL = "-Onone";
			};
			name = Debug;
		};
		8509CF5E2BF210F000C7ACB0 /* Release */ = {
			isa = XCBuildConfiguration;
			buildSettings = {
				ALWAYS_SEARCH_USER_PATHS = NO;
				ASSETCATALOG_COMPILER_GENERATE_SWIFT_ASSET_SYMBOL_EXTENSIONS = YES;
				CLANG_ANALYZER_NONNULL = YES;
				CLANG_ANALYZER_NUMBER_OBJECT_CONVERSION = YES_AGGRESSIVE;
				CLANG_CXX_LANGUAGE_STANDARD = "gnu++20";
				CLANG_ENABLE_MODULES = YES;
				CLANG_ENABLE_OBJC_ARC = YES;
				CLANG_ENABLE_OBJC_WEAK = YES;
				CLANG_WARN_BLOCK_CAPTURE_AUTORELEASING = YES;
				CLANG_WARN_BOOL_CONVERSION = YES;
				CLANG_WARN_COMMA = YES;
				CLANG_WARN_CONSTANT_CONVERSION = YES;
				CLANG_WARN_DEPRECATED_OBJC_IMPLEMENTATIONS = YES;
				CLANG_WARN_DIRECT_OBJC_ISA_USAGE = YES_ERROR;
				CLANG_WARN_DOCUMENTATION_COMMENTS = YES;
				CLANG_WARN_EMPTY_BODY = YES;
				CLANG_WARN_ENUM_CONVERSION = YES;
				CLANG_WARN_INFINITE_RECURSION = YES;
				CLANG_WARN_INT_CONVERSION = YES;
				CLANG_WARN_NON_LITERAL_NULL_CONVERSION = YES;
				CLANG_WARN_OBJC_IMPLICIT_RETAIN_SELF = YES;
				CLANG_WARN_OBJC_LITERAL_CONVERSION = YES;
				CLANG_WARN_OBJC_ROOT_CLASS = YES_ERROR;
				CLANG_WARN_QUOTED_INCLUDE_IN_FRAMEWORK_HEADER = YES;
				CLANG_WARN_RANGE_LOOP_ANALYSIS = YES;
				CLANG_WARN_STRICT_PROTOTYPES = YES;
				CLANG_WARN_SUSPICIOUS_MOVE = YES;
				CLANG_WARN_UNGUARDED_AVAILABILITY = YES_AGGRESSIVE;
				CLANG_WARN_UNREACHABLE_CODE = YES;
				CLANG_WARN__DUPLICATE_METHOD_MATCH = YES;
				COPY_PHASE_STRIP = NO;
				DEBUG_INFORMATION_FORMAT = "dwarf-with-dsym";
				ENABLE_NS_ASSERTIONS = NO;
				ENABLE_STRICT_OBJC_MSGSEND = YES;
				ENABLE_USER_SCRIPT_SANDBOXING = YES;
				GCC_C_LANGUAGE_STANDARD = gnu17;
				GCC_NO_COMMON_BLOCKS = YES;
				GCC_WARN_64_TO_32_BIT_CONVERSION = YES;
				GCC_WARN_ABOUT_RETURN_TYPE = YES_ERROR;
				GCC_WARN_UNDECLARED_SELECTOR = YES;
				GCC_WARN_UNINITIALIZED_AUTOS = YES_AGGRESSIVE;
				GCC_WARN_UNUSED_FUNCTION = YES;
				GCC_WARN_UNUSED_VARIABLE = YES;
				IPHONEOS_DEPLOYMENT_TARGET = 17.0;
				LOCALIZATION_PREFERS_STRING_CATALOGS = YES;
				MTL_ENABLE_DEBUG_INFO = NO;
				MTL_FAST_MATH = YES;
				SDKROOT = iphoneos;
				SWIFT_COMPILATION_MODE = wholemodule;
				VALIDATE_PRODUCT = YES;
			};
			name = Release;
		};
		8509CF602BF210F000C7ACB0 /* Debug */ = {
			isa = XCBuildConfiguration;
			buildSettings = {
				ASSETCATALOG_COMPILER_APPICON_NAME = BlackClockAppIcon;
				ASSETCATALOG_COMPILER_GLOBAL_ACCENT_COLOR_NAME = AccentColor;
				CODE_SIGN_ENTITLEMENTS = MyWorkingTime/MyWorkingTime.entitlements;
				CODE_SIGN_IDENTITY = "Apple Development";
				CODE_SIGN_STYLE = Automatic;
				CURRENT_PROJECT_VERSION = 2;
				DEVELOPMENT_ASSET_PATHS = "\"MyWorkingTime/Preview Content\"";
				DEVELOPMENT_TEAM = J46847B4XU;
				ENABLE_PREVIEWS = YES;
				GENERATE_INFOPLIST_FILE = YES;
				INFOPLIST_FILE = MyWorkingTime/Info.plist;
				INFOPLIST_KEY_UIApplicationSceneManifest_Generation = YES;
				INFOPLIST_KEY_UIApplicationSupportsIndirectInputEvents = YES;
				INFOPLIST_KEY_UILaunchStoryboardName = LaunchScreen;
				INFOPLIST_KEY_UIStatusBarStyle = "";
				INFOPLIST_KEY_UISupportedInterfaceOrientations = "UIInterfaceOrientationLandscapeLeft UIInterfaceOrientationLandscapeRight UIInterfaceOrientationPortrait UIInterfaceOrientationPortraitUpsideDown";
				IPHONEOS_DEPLOYMENT_TARGET = 17.0;
				LD_RUNPATH_SEARCH_PATHS = (
					"$(inherited)",
					"@executable_path/Frameworks",
				);
				MARKETING_VERSION = 1.0.0;
				PRODUCT_BUNDLE_IDENTIFIER = me.yoid.MyWorkingTime;
				PRODUCT_NAME = "$(TARGET_NAME)";
				PROVISIONING_PROFILE_SPECIFIER = "";
				SWIFT_EMIT_LOC_STRINGS = YES;
				SWIFT_VERSION = 5.0;
				TARGETED_DEVICE_FAMILY = "1,2";
			};
			name = Debug;
		};
		8509CF612BF210F000C7ACB0 /* Release */ = {
			isa = XCBuildConfiguration;
			buildSettings = {
				ASSETCATALOG_COMPILER_APPICON_NAME = BlackClockAppIcon;
				ASSETCATALOG_COMPILER_GLOBAL_ACCENT_COLOR_NAME = AccentColor;
				CODE_SIGN_ENTITLEMENTS = MyWorkingTime/MyWorkingTime.entitlements;
				CODE_SIGN_IDENTITY = "Apple Development";
				CODE_SIGN_STYLE = Automatic;
				CURRENT_PROJECT_VERSION = 2;
				DEVELOPMENT_ASSET_PATHS = "\"MyWorkingTime/Preview Content\"";
				DEVELOPMENT_TEAM = J46847B4XU;
				ENABLE_PREVIEWS = YES;
				GENERATE_INFOPLIST_FILE = YES;
				INFOPLIST_FILE = MyWorkingTime/Info.plist;
				INFOPLIST_KEY_UIApplicationSceneManifest_Generation = YES;
				INFOPLIST_KEY_UIApplicationSupportsIndirectInputEvents = YES;
				INFOPLIST_KEY_UILaunchStoryboardName = LaunchScreen;
				INFOPLIST_KEY_UIStatusBarStyle = "";
				INFOPLIST_KEY_UISupportedInterfaceOrientations = "UIInterfaceOrientationLandscapeLeft UIInterfaceOrientationLandscapeRight UIInterfaceOrientationPortrait UIInterfaceOrientationPortraitUpsideDown";
				IPHONEOS_DEPLOYMENT_TARGET = 17.0;
				LD_RUNPATH_SEARCH_PATHS = (
					"$(inherited)",
					"@executable_path/Frameworks",
				);
				MARKETING_VERSION = 1.0.0;
				PRODUCT_BUNDLE_IDENTIFIER = me.yoid.MyWorkingTime;
				PRODUCT_NAME = "$(TARGET_NAME)";
				PROVISIONING_PROFILE_SPECIFIER = "";
				SWIFT_EMIT_LOC_STRINGS = YES;
				SWIFT_VERSION = 5.0;
				TARGETED_DEVICE_FAMILY = "1,2";
			};
			name = Release;
		};
/* End XCBuildConfiguration section */

/* Begin XCConfigurationList section */
		8509CF4C2BF210EE00C7ACB0 /* Build configuration list for PBXProject "MyWorkTime" */ = {
			isa = XCConfigurationList;
			buildConfigurations = (
				8509CF5D2BF210F000C7ACB0 /* Debug */,
				8509CF5E2BF210F000C7ACB0 /* Release */,
			);
			defaultConfigurationIsVisible = 0;
			defaultConfigurationName = Release;
		};
		8509CF5F2BF210F000C7ACB0 /* Build configuration list for PBXNativeTarget "MyWorkingTime" */ = {
			isa = XCConfigurationList;
			buildConfigurations = (
				8509CF602BF210F000C7ACB0 /* Debug */,
				8509CF612BF210F000C7ACB0 /* Release */,
			);
			defaultConfigurationIsVisible = 0;
			defaultConfigurationName = Release;
		};
/* End XCConfigurationList section */

/* Begin XCVersionGroup section */
		8509CF9A2BF2118C00C7ACB0 /* WorkingHours.xcdatamodeld */ = {
			isa = XCVersionGroup;
			children = (
				855370452C0DA78E00BDCD12 /* WorkingDay v6.xcdatamodel */,
				855370402C0CB18700BDCD12 /* WorkingDay v5.xcdatamodel */,
				8553702F2C0C9E5500BDCD12 /* WorkingDay v4.xcdatamodel */,
				856960742C031F6C00686655 /* WorkingDay v3.xcdatamodel */,
				854454282BFE894900E90750 /* WorkingDay v2.xcdatamodel */,
				8509CF9B2BF2118C00C7ACB0 /* WorkingDay.xcdatamodel */,
			);
			currentVersion = 855370452C0DA78E00BDCD12 /* WorkingDay v6.xcdatamodel */;
			path = WorkingHours.xcdatamodeld;
			sourceTree = "<group>";
			versionGroupType = wrapper.xcdatamodel;
		};
/* End XCVersionGroup section */
	};
	rootObject = 8509CF492BF210EE00C7ACB0 /* Project object */;
}
