// !$*UTF8*$!
{
	archiveVersion = 1;
	classes = {
	};
	objectVersion = 70;
	objects = {

/* Begin PBXBuildFile section */
		8509CF592BF210F000C7ACB0 /* Assets.xcassets in Resources */ = {isa = PBXBuildFile; fileRef = 8509CF582BF210F000C7ACB0 /* Assets.xcassets */; };
		8509CF5C2BF210F000C7ACB0 /* Preview Assets.xcassets in Resources */ = {isa = PBXBuildFile; fileRef = 8509CF5B2BF210F000C7ACB0 /* Preview Assets.xcassets */; };
/* End PBXBuildFile section */

/* Begin PBXContainerItemProxy section */
		8513C3962CF64A56007E69EF /* PBXContainerItemProxy */ = {
			isa = PBXContainerItemProxy;
			containerPortal = 8509CF492BF210EE00C7ACB0 /* Project object */;
			proxyType = 1;
			remoteGlobalIDString = 8509CF502BF210EE00C7ACB0;
			remoteInfo = MyWorkHours;
		};
/* End PBXContainerItemProxy section */

/* Begin PBXFileReference section */
		8509CF512BF210EE00C7ACB0 /* MyWorkHours.app */ = {isa = PBXFileReference; explicitFileType = wrapper.application; includeInIndex = 0; path = MyWorkHours.app; sourceTree = BUILT_PRODUCTS_DIR; };
		8509CF582BF210F000C7ACB0 /* Assets.xcassets */ = {isa = PBXFileReference; lastKnownFileType = folder.assetcatalog; path = Assets.xcassets; sourceTree = "<group>"; };
		8509CF5B2BF210F000C7ACB0 /* Preview Assets.xcassets */ = {isa = PBXFileReference; lastKnownFileType = folder.assetcatalog; path = "Preview Assets.xcassets"; sourceTree = "<group>"; };
		8513C3922CF64A56007E69EF /* MyWorkHoursTests.xctest */ = {isa = PBXFileReference; explicitFileType = wrapper.cfbundle; includeInIndex = 0; path = MyWorkHoursTests.xctest; sourceTree = BUILT_PRODUCTS_DIR; };
		85E62E562C25E32F00BB7543 /* MyWorkHours.entitlements */ = {isa = PBXFileReference; lastKnownFileType = text.plist.entitlements; path = MyWorkHours.entitlements; sourceTree = "<group>"; };
/* End PBXFileReference section */

/* Begin PBXFileSystemSynchronizedRootGroup section */
		8513C3932CF64A56007E69EF /* MyWorkHoursTests */ = {isa = PBXFileSystemSynchronizedRootGroup; explicitFileTypes = {}; explicitFolders = (); path = MyWorkHoursTests; sourceTree = "<group>"; };
		853F7C9C2E8659B10072AA10 /* Stores */ = {isa = PBXFileSystemSynchronizedRootGroup; explicitFileTypes = {}; explicitFolders = (); path = Stores; sourceTree = "<group>"; };
		853F7CA32E8D9DDC0072AA10 /* Utilities */ = {isa = PBXFileSystemSynchronizedRootGroup; explicitFileTypes = {}; explicitFolders = (); path = Utilities; sourceTree = "<group>"; };
		853F7CAD2E903A790072AA10 /* StoreKit */ = {isa = PBXFileSystemSynchronizedRootGroup; explicitFileTypes = {}; explicitFolders = (); path = StoreKit; sourceTree = "<group>"; };
		85669A2D2F0C3AB500DBC32B /* Services */ = {isa = PBXFileSystemSynchronizedRootGroup; explicitFileTypes = {}; explicitFolders = (); path = Services; sourceTree = "<group>"; };
		85669A392F0C3ABA00DBC32B /* Localizable */ = {isa = PBXFileSystemSynchronizedRootGroup; explicitFileTypes = {}; explicitFolders = (); path = Localizable; sourceTree = "<group>"; };
		85669A402F0C3ABD00DBC32B /* Model */ = {isa = PBXFileSystemSynchronizedRootGroup; explicitFileTypes = {}; explicitFolders = (); path = Model; sourceTree = "<group>"; };
		85669A4C2F0C3AC700DBC32B /* CoreData */ = {isa = PBXFileSystemSynchronizedRootGroup; explicitFileTypes = {}; explicitFolders = (); path = CoreData; sourceTree = "<group>"; };
		85669AFA2F0C3B0000DBC32B /* App */ = {isa = PBXFileSystemSynchronizedRootGroup; explicitFileTypes = {}; explicitFolders = (); path = App; sourceTree = "<group>"; };
		85669B802F0C3B2500DBC32B /* Feature */ = {isa = PBXFileSystemSynchronizedRootGroup; explicitFileTypes = {}; explicitFolders = (); path = Feature; sourceTree = "<group>"; };
		85669B9E2F0C3B2E00DBC32B /* LaunchScreen */ = {isa = PBXFileSystemSynchronizedRootGroup; explicitFileTypes = {}; explicitFolders = (); path = LaunchScreen; sourceTree = "<group>"; };
/* End PBXFileSystemSynchronizedRootGroup section */

/* Begin PBXFrameworksBuildPhase section */
		8509CF4E2BF210EE00C7ACB0 /* Frameworks */ = {
			isa = PBXFrameworksBuildPhase;
			buildActionMask = 2147483647;
			files = (
			);
			runOnlyForDeploymentPostprocessing = 0;
		};
		8513C38F2CF64A56007E69EF /* Frameworks */ = {
			isa = PBXFrameworksBuildPhase;
			buildActionMask = 2147483647;
			files = (
			);
			runOnlyForDeploymentPostprocessing = 0;
		};
/* End PBXFrameworksBuildPhase section */

/* Begin PBXGroup section */
		8509CF482BF210EE00C7ACB0 = {
			isa = PBXGroup;
			children = (
				8509CF532BF210EE00C7ACB0 /* MyWorkHours */,
				8509CF522BF210EE00C7ACB0 /* Products */,
			);
			sourceTree = "<group>";
		};
		8509CF522BF210EE00C7ACB0 /* Products */ = {
			isa = PBXGroup;
			children = (
				8509CF512BF210EE00C7ACB0 /* MyWorkHours.app */,
				8513C3922CF64A56007E69EF /* MyWorkHoursTests.xctest */,
			);
			name = Products;
			sourceTree = "<group>";
		};
		8509CF532BF210EE00C7ACB0 /* MyWorkHours */ = {
			isa = PBXGroup;
			children = (
				85E62E562C25E32F00BB7543 /* MyWorkHours.entitlements */,
				85669B9E2F0C3B2E00DBC32B /* LaunchScreen */,
				85669AFA2F0C3B0000DBC32B /* App */,
				85669B802F0C3B2500DBC32B /* Feature */,
				85669A4C2F0C3AC700DBC32B /* CoreData */,
				853F7C9C2E8659B10072AA10 /* Stores */,
				85669A2D2F0C3AB500DBC32B /* Services */,
				853F7CA32E8D9DDC0072AA10 /* Utilities */,
				853F7CAD2E903A790072AA10 /* StoreKit */,
				85669A392F0C3ABA00DBC32B /* Localizable */,
				85669A402F0C3ABD00DBC32B /* Model */,
				8513C3932CF64A56007E69EF /* MyWorkHoursTests */,
				8509CF582BF210F000C7ACB0 /* Assets.xcassets */,
				8509CF5A2BF210F000C7ACB0 /* Preview Content */,
			);
			path = MyWorkHours;
			sourceTree = "<group>";
		};
		8509CF5A2BF210F000C7ACB0 /* Preview Content */ = {
			isa = PBXGroup;
			children = (
				8509CF5B2BF210F000C7ACB0 /* Preview Assets.xcassets */,
			);
			path = "Preview Content";
			sourceTree = "<group>";
		};
/* End PBXGroup section */

/* Begin PBXNativeTarget section */
		8509CF502BF210EE00C7ACB0 /* MyWorkHours */ = {
			isa = PBXNativeTarget;
			buildConfigurationList = 8509CF5F2BF210F000C7ACB0 /* Build configuration list for PBXNativeTarget "MyWorkHours" */;
			buildPhases = (
				8509CF4D2BF210EE00C7ACB0 /* Sources */,
				8509CF4E2BF210EE00C7ACB0 /* Frameworks */,
				8509CF4F2BF210EE00C7ACB0 /* Resources */,
			);
			buildRules = (
			);
			dependencies = (
			);
			fileSystemSynchronizedGroups = (
				853F7C9C2E8659B10072AA10 /* Stores */,
				853F7CA32E8D9DDC0072AA10 /* Utilities */,
				853F7CAD2E903A790072AA10 /* StoreKit */,
				85669A2D2F0C3AB500DBC32B /* Services */,
				85669A392F0C3ABA00DBC32B /* Localizable */,
				85669A402F0C3ABD00DBC32B /* Model */,
				85669A4C2F0C3AC700DBC32B /* CoreData */,
				85669AFA2F0C3B0000DBC32B /* App */,
				85669B802F0C3B2500DBC32B /* Feature */,
				85669B9E2F0C3B2E00DBC32B /* LaunchScreen */,
			);
			name = MyWorkHours;
			productName = MyWorkingTime;
			productReference = 8509CF512BF210EE00C7ACB0 /* MyWorkHours.app */;
			productType = "com.apple.product-type.application";
		};
		8513C3912CF64A56007E69EF /* MyWorkHoursTests */ = {
			isa = PBXNativeTarget;
			buildConfigurationList = 8513C39A2CF64A56007E69EF /* Build configuration list for PBXNativeTarget "MyWorkHoursTests" */;
			buildPhases = (
				8513C38E2CF64A56007E69EF /* Sources */,
				8513C38F2CF64A56007E69EF /* Frameworks */,
				8513C3902CF64A56007E69EF /* Resources */,
			);
			buildRules = (
			);
			dependencies = (
				8513C3972CF64A56007E69EF /* PBXTargetDependency */,
			);
			fileSystemSynchronizedGroups = (
				8513C3932CF64A56007E69EF /* MyWorkHoursTests */,
			);
			name = MyWorkHoursTests;
			packageProductDependencies = (
			);
			productName = MyWorkHoursTests;
			productReference = 8513C3922CF64A56007E69EF /* MyWorkHoursTests.xctest */;
			productType = "com.apple.product-type.bundle.unit-test";
		};
/* End PBXNativeTarget section */

/* Begin PBXProject section */
		8509CF492BF210EE00C7ACB0 /* Project object */ = {
			isa = PBXProject;
			attributes = {
				BuildIndependentTargetsInParallel = 1;
				LastSwiftUpdateCheck = 1610;
				LastUpgradeCheck = 2600;
				TargetAttributes = {
					8509CF502BF210EE00C7ACB0 = {
						CreatedOnToolsVersion = 15.3;
					};
					8513C3912CF64A56007E69EF = {
						CreatedOnToolsVersion = 16.1;
						TestTargetID = 8509CF502BF210EE00C7ACB0;
					};
				};
			};
			buildConfigurationList = 8509CF4C2BF210EE00C7ACB0 /* Build configuration list for PBXProject "MyWorkHours" */;
			compatibilityVersion = "Xcode 14.0";
			developmentRegion = en;
			hasScannedForEncodings = 0;
			knownRegions = (
				en,
				Base,
				de,
			);
			mainGroup = 8509CF482BF210EE00C7ACB0;
			productRefGroup = 8509CF522BF210EE00C7ACB0 /* Products */;
			projectDirPath = "";
			projectRoot = "";
			targets = (
				8509CF502BF210EE00C7ACB0 /* MyWorkHours */,
				8513C3912CF64A56007E69EF /* MyWorkHoursTests */,
			);
		};
/* End PBXProject section */

/* Begin PBXResourcesBuildPhase section */
		8509CF4F2BF210EE00C7ACB0 /* Resources */ = {
			isa = PBXResourcesBuildPhase;
			buildActionMask = 2147483647;
			files = (
				8509CF5C2BF210F000C7ACB0 /* Preview Assets.xcassets in Resources */,
				8509CF592BF210F000C7ACB0 /* Assets.xcassets in Resources */,
			);
			runOnlyForDeploymentPostprocessing = 0;
		};
		8513C3902CF64A56007E69EF /* Resources */ = {
			isa = PBXResourcesBuildPhase;
			buildActionMask = 2147483647;
			files = (
			);
			runOnlyForDeploymentPostprocessing = 0;
		};
/* End PBXResourcesBuildPhase section */

/* Begin PBXSourcesBuildPhase section */
		8509CF4D2BF210EE00C7ACB0 /* Sources */ = {
			isa = PBXSourcesBuildPhase;
			buildActionMask = 2147483647;
			files = (
			);
			runOnlyForDeploymentPostprocessing = 0;
		};
		8513C38E2CF64A56007E69EF /* Sources */ = {
			isa = PBXSourcesBuildPhase;
			buildActionMask = 2147483647;
			files = (
			);
			runOnlyForDeploymentPostprocessing = 0;
		};
/* End PBXSourcesBuildPhase section */

/* Begin PBXTargetDependency section */
		8513C3972CF64A56007E69EF /* PBXTargetDependency */ = {
			isa = PBXTargetDependency;
			target = 8509CF502BF210EE00C7ACB0 /* MyWorkHours */;
			targetProxy = 8513C3962CF64A56007E69EF /* PBXContainerItemProxy */;
		};
/* End PBXTargetDependency section */

/* Begin XCBuildConfiguration section */
		8509CF5D2BF210F000C7ACB0 /* Debug */ = {
			isa = XCBuildConfiguration;
			buildSettings = {
				ALWAYS_SEARCH_USER_PATHS = NO;
				ASSETCATALOG_COMPILER_GENERATE_SWIFT_ASSET_SYMBOL_EXTENSIONS = YES;
				CLANG_ANALYZER_LOCALIZABILITY_NONLOCALIZED = YES;
				CLANG_ANALYZER_NONNULL = YES;
				CLANG_ANALYZER_NUMBER_OBJECT_CONVERSION = YES_AGGRESSIVE;
				CLANG_CXX_LANGUAGE_STANDARD = "gnu++20";
				CLANG_ENABLE_MODULES = YES;
				CLANG_ENABLE_OBJC_ARC = YES;
				CLANG_ENABLE_OBJC_WEAK = YES;
				CLANG_WARN_BLOCK_CAPTURE_AUTORELEASING = YES;
				CLANG_WARN_BOOL_CONVERSION = YES;
				CLANG_WARN_COMMA = YES;
				CLANG_WARN_CONSTANT_CONVERSION = YES;
				CLANG_WARN_DEPRECATED_OBJC_IMPLEMENTATIONS = YES;
				CLANG_WARN_DIRECT_OBJC_ISA_USAGE = YES_ERROR;
				CLANG_WARN_DOCUMENTATION_COMMENTS = YES;
				CLANG_WARN_EMPTY_BODY = YES;
				CLANG_WARN_ENUM_CONVERSION = YES;
				CLANG_WARN_INFINITE_RECURSION = YES;
				CLANG_WARN_INT_CONVERSION = YES;
				CLANG_WARN_NON_LITERAL_NULL_CONVERSION = YES;
				CLANG_WARN_OBJC_IMPLICIT_RETAIN_SELF = YES;
				CLANG_WARN_OBJC_LITERAL_CONVERSION = YES;
				CLANG_WARN_OBJC_ROOT_CLASS = YES_ERROR;
				CLANG_WARN_QUOTED_INCLUDE_IN_FRAMEWORK_HEADER = YES;
				CLANG_WARN_RANGE_LOOP_ANALYSIS = YES;
				CLANG_WARN_STRICT_PROTOTYPES = YES;
				CLANG_WARN_SUSPICIOUS_MOVE = YES;
				CLANG_WARN_UNGUARDED_AVAILABILITY = YES_AGGRESSIVE;
				CLANG_WARN_UNREACHABLE_CODE = YES;
				CLANG_WARN__DUPLICATE_METHOD_MATCH = YES;
				COPY_PHASE_STRIP = NO;
				DEBUG_INFORMATION_FORMAT = dwarf;
				DEVELOPMENT_TEAM = J46847B4XU;
				ENABLE_STRICT_OBJC_MSGSEND = YES;
				ENABLE_TESTABILITY = YES;
				ENABLE_USER_SCRIPT_SANDBOXING = YES;
				GCC_C_LANGUAGE_STANDARD = gnu17;
				GCC_DYNAMIC_NO_PIC = NO;
				GCC_NO_COMMON_BLOCKS = YES;
				GCC_OPTIMIZATION_LEVEL = 0;
				GCC_PREPROCESSOR_DEFINITIONS = (
					"DEBUG=1",
					"$(inherited)",
				);
				GCC_WARN_64_TO_32_BIT_CONVERSION = YES;
				GCC_WARN_ABOUT_RETURN_TYPE = YES_ERROR;
				GCC_WARN_UNDECLARED_SELECTOR = YES;
				GCC_WARN_UNINITIALIZED_AUTOS = YES_AGGRESSIVE;
				GCC_WARN_UNUSED_FUNCTION = YES;
				GCC_WARN_UNUSED_VARIABLE = YES;
				IPHONEOS_DEPLOYMENT_TARGET = 17.0;
				LOCALIZATION_PREFERS_STRING_CATALOGS = YES;
				MTL_ENABLE_DEBUG_INFO = INCLUDE_SOURCE;
				MTL_FAST_MATH = YES;
				ONLY_ACTIVE_ARCH = YES;
				SDKROOT = iphoneos;
				STRING_CATALOG_GENERATE_SYMBOLS = YES;
				SWIFT_ACTIVE_COMPILATION_CONDITIONS = "DEBUG $(inherited)";
				SWIFT_OPTIMIZATION_LEVEL = "-Onone";
			};
			name = Debug;
		};
		8509CF5E2BF210F000C7ACB0 /* Release */ = {
			isa = XCBuildConfiguration;
			buildSettings = {
				ALWAYS_SEARCH_USER_PATHS = NO;
				ASSETCATALOG_COMPILER_GENERATE_SWIFT_ASSET_SYMBOL_EXTENSIONS = YES;
				CLANG_ANALYZER_LOCALIZABILITY_NONLOCALIZED = YES;
				CLANG_ANALYZER_NONNULL = YES;
				CLANG_ANALYZER_NUMBER_OBJECT_CONVERSION = YES_AGGRESSIVE;
				CLANG_CXX_LANGUAGE_STANDARD = "gnu++20";
				CLANG_ENABLE_MODULES = YES;
				CLANG_ENABLE_OBJC_ARC = YES;
				CLANG_ENABLE_OBJC_WEAK = YES;
				CLANG_WARN_BLOCK_CAPTURE_AUTORELEASING = YES;
				CLANG_WARN_BOOL_CONVERSION = YES;
				CLANG_WARN_COMMA = YES;
				CLANG_WARN_CONSTANT_CONVERSION = YES;
				CLANG_WARN_DEPRECATED_OBJC_IMPLEMENTATIONS = YES;
				CLANG_WARN_DIRECT_OBJC_ISA_USAGE = YES_ERROR;
				CLANG_WARN_DOCUMENTATION_COMMENTS = YES;
				CLANG_WARN_EMPTY_BODY = YES;
				CLANG_WARN_ENUM_CONVERSION = YES;
				CLANG_WARN_INFINITE_RECURSION = YES;
				CLANG_WARN_INT_CONVERSION = YES;
				CLANG_WARN_NON_LITERAL_NULL_CONVERSION = YES;
				CLANG_WARN_OBJC_IMPLICIT_RETAIN_SELF = YES;
				CLANG_WARN_OBJC_LITERAL_CONVERSION = YES;
				CLANG_WARN_OBJC_ROOT_CLASS = YES_ERROR;
				CLANG_WARN_QUOTED_INCLUDE_IN_FRAMEWORK_HEADER = YES;
				CLANG_WARN_RANGE_LOOP_ANALYSIS = YES;
				CLANG_WARN_STRICT_PROTOTYPES = YES;
				CLANG_WARN_SUSPICIOUS_MOVE = YES;
				CLANG_WARN_UNGUARDED_AVAILABILITY = YES_AGGRESSIVE;
				CLANG_WARN_UNREACHABLE_CODE = YES;
				CLANG_WARN__DUPLICATE_METHOD_MATCH = YES;
				COPY_PHASE_STRIP = NO;
				DEBUG_INFORMATION_FORMAT = "dwarf-with-dsym";
				DEVELOPMENT_TEAM = J46847B4XU;
				ENABLE_NS_ASSERTIONS = NO;
				ENABLE_STRICT_OBJC_MSGSEND = YES;
				ENABLE_USER_SCRIPT_SANDBOXING = YES;
				GCC_C_LANGUAGE_STANDARD = gnu17;
				GCC_NO_COMMON_BLOCKS = YES;
				GCC_WARN_64_TO_32_BIT_CONVERSION = YES;
				GCC_WARN_ABOUT_RETURN_TYPE = YES_ERROR;
				GCC_WARN_UNDECLARED_SELECTOR = YES;
				GCC_WARN_UNINITIALIZED_AUTOS = YES_AGGRESSIVE;
				GCC_WARN_UNUSED_FUNCTION = YES;
				GCC_WARN_UNUSED_VARIABLE = YES;
				IPHONEOS_DEPLOYMENT_TARGET = 17.0;
				LOCALIZATION_PREFERS_STRING_CATALOGS = YES;
				MTL_ENABLE_DEBUG_INFO = NO;
				MTL_FAST_MATH = YES;
				SDKROOT = iphoneos;
				STRING_CATALOG_GENERATE_SYMBOLS = YES;
				SWIFT_COMPILATION_MODE = wholemodule;
				VALIDATE_PRODUCT = YES;
			};
			name = Release;
		};
		8509CF602BF210F000C7ACB0 /* Debug */ = {
			isa = XCBuildConfiguration;
			buildSettings = {
				ASSETCATALOG_COMPILER_APPICON_NAME = ClockIcon;
				ASSETCATALOG_COMPILER_GLOBAL_ACCENT_COLOR_NAME = AccentColor;
				CODE_SIGN_ENTITLEMENTS = MyWorkHours/MyWorkHours.entitlements;
				CODE_SIGN_IDENTITY = "Apple Development";
				CODE_SIGN_STYLE = Automatic;
				CURRENT_PROJECT_VERSION = 26;
				DEVELOPMENT_ASSET_PATHS = "\"MyWorkHours/Preview Content\"";
				ENABLE_PREVIEWS = YES;
				GENERATE_INFOPLIST_FILE = YES;
				INFOPLIST_FILE = MyWorkHours/Info.plist;
				INFOPLIST_KEY_UIApplicationSceneManifest_Generation = YES;
				INFOPLIST_KEY_UIApplicationSupportsIndirectInputEvents = YES;
				INFOPLIST_KEY_UILaunchStoryboardName = LaunchScreen.storyboard;
				INFOPLIST_KEY_UIStatusBarStyle = "";
				INFOPLIST_KEY_UISupportedInterfaceOrientations = "UIInterfaceOrientationLandscapeLeft UIInterfaceOrientationLandscapeRight UIInterfaceOrientationPortrait UIInterfaceOrientationPortraitUpsideDown";
				IPHONEOS_DEPLOYMENT_TARGET = 17.0;
				LD_RUNPATH_SEARCH_PATHS = (
					"$(inherited)",
					"@executable_path/Frameworks",
				);
				MARKETING_VERSION = 1.3.7;
				NEW_SETTING = "";
				PRODUCT_BUNDLE_IDENTIFIER = me.yoid.MyWorkHours;
				PRODUCT_NAME = MyWorkHours;
				PROVISIONING_PROFILE_SPECIFIER = "";
				SWIFT_EMIT_LOC_STRINGS = YES;
				SWIFT_VERSION = 5.0;
				TARGETED_DEVICE_FAMILY = "1,2";
			};
			name = Debug;
		};
		8509CF612BF210F000C7ACB0 /* Release */ = {
			isa = XCBuildConfiguration;
			buildSettings = {
				ASSETCATALOG_COMPILER_APPICON_NAME = ClockIcon;
				ASSETCATALOG_COMPILER_GLOBAL_ACCENT_COLOR_NAME = AccentColor;
				CODE_SIGN_ENTITLEMENTS = MyWorkHours/MyWorkHours.entitlements;
				CODE_SIGN_IDENTITY = "Apple Development";
				CODE_SIGN_STYLE = Automatic;
				CURRENT_PROJECT_VERSION = 26;
				DEVELOPMENT_ASSET_PATHS = "\"MyWorkHours/Preview Content\"";
				ENABLE_PREVIEWS = YES;
				GENERATE_INFOPLIST_FILE = YES;
				INFOPLIST_FILE = MyWorkHours/Info.plist;
				INFOPLIST_KEY_UIApplicationSceneManifest_Generation = YES;
				INFOPLIST_KEY_UIApplicationSupportsIndirectInputEvents = YES;
				INFOPLIST_KEY_UILaunchStoryboardName = LaunchScreen.storyboard;
				INFOPLIST_KEY_UIStatusBarStyle = "";
				INFOPLIST_KEY_UISupportedInterfaceOrientations = "UIInterfaceOrientationLandscapeLeft UIInterfaceOrientationLandscapeRight UIInterfaceOrientationPortrait UIInterfaceOrientationPortraitUpsideDown";
				IPHONEOS_DEPLOYMENT_TARGET = 17.0;
				LD_RUNPATH_SEARCH_PATHS = (
					"$(inherited)",
					"@executable_path/Frameworks",
				);
				MARKETING_VERSION = 1.3.7;
				NEW_SETTING = "";
				PRODUCT_BUNDLE_IDENTIFIER = me.yoid.MyWorkHours;
				PRODUCT_NAME = MyWorkHours;
				PROVISIONING_PROFILE_SPECIFIER = "";
				SWIFT_EMIT_LOC_STRINGS = YES;
				SWIFT_VERSION = 5.0;
				TARGETED_DEVICE_FAMILY = "1,2";
			};
			name = Release;
		};
		8513C3982CF64A56007E69EF /* Debug */ = {
			isa = XCBuildConfiguration;
			buildSettings = {
				BUNDLE_LOADER = "$(TEST_HOST)";
				CODE_SIGN_STYLE = Automatic;
				CURRENT_PROJECT_VERSION = 1;
				GENERATE_INFOPLIST_FILE = YES;
				IPHONEOS_DEPLOYMENT_TARGET = 18.1;
				MARKETING_VERSION = 1.0;
				PRODUCT_BUNDLE_IDENTIFIER = me.yoid.MyWorkHoursTests;
				PRODUCT_NAME = "$(TARGET_NAME)";
				SWIFT_EMIT_LOC_STRINGS = NO;
				SWIFT_VERSION = 5.0;
				TARGETED_DEVICE_FAMILY = "1,2";
				TEST_HOST = "$(BUILT_PRODUCTS_DIR)/MyWorkHours.app/$(BUNDLE_EXECUTABLE_FOLDER_PATH)/MyWorkHours";
			};
			name = Debug;
		};
		8513C3992CF64A56007E69EF /* Release */ = {
			isa = XCBuildConfiguration;
			buildSettings = {
				BUNDLE_LOADER = "$(TEST_HOST)";
				CODE_SIGN_STYLE = Automatic;
				CURRENT_PROJECT_VERSION = 1;
				GENERATE_INFOPLIST_FILE = YES;
				IPHONEOS_DEPLOYMENT_TARGET = 18.1;
				MARKETING_VERSION = 1.0;
				PRODUCT_BUNDLE_IDENTIFIER = me.yoid.MyWorkHoursTests;
				PRODUCT_NAME = "$(TARGET_NAME)";
				SWIFT_EMIT_LOC_STRINGS = NO;
				SWIFT_VERSION = 5.0;
				TARGETED_DEVICE_FAMILY = "1,2";
				TEST_HOST = "$(BUILT_PRODUCTS_DIR)/MyWorkHours.app/$(BUNDLE_EXECUTABLE_FOLDER_PATH)/MyWorkHours";
			};
			name = Release;
		};
/* End XCBuildConfiguration section */

/* Begin XCConfigurationList section */
		8509CF4C2BF210EE00C7ACB0 /* Build configuration list for PBXProject "MyWorkHours" */ = {
			isa = XCConfigurationList;
			buildConfigurations = (
				8509CF5D2BF210F000C7ACB0 /* Debug */,
				8509CF5E2BF210F000C7ACB0 /* Release */,
			);
			defaultConfigurationIsVisible = 0;
			defaultConfigurationName = Release;
		};
		8509CF5F2BF210F000C7ACB0 /* Build configuration list for PBXNativeTarget "MyWorkHours" */ = {
			isa = XCConfigurationList;
			buildConfigurations = (
				8509CF602BF210F000C7ACB0 /* Debug */,
				8509CF612BF210F000C7ACB0 /* Release */,
			);
			defaultConfigurationIsVisible = 0;
			defaultConfigurationName = Release;
		};
		8513C39A2CF64A56007E69EF /* Build configuration list for PBXNativeTarget "MyWorkHoursTests" */ = {
			isa = XCConfigurationList;
			buildConfigurations = (
				8513C3982CF64A56007E69EF /* Debug */,
				8513C3992CF64A56007E69EF /* Release */,
			);
			defaultConfigurationIsVisible = 0;
			defaultConfigurationName = Release;
		};
/* End XCConfigurationList section */
	};
	rootObject = 8509CF492BF210EE00C7ACB0 /* Project object */;
}
